Microsoft Visual Studio Solution File, Format Version 12.00
# Visual Studio 2012
Project("{FAE04EC0-301F-11D3-BF4B-00C04F79EFBC}") = "platformer", "platformer.csproj", "{CCFB4A8B-85A3-4432-B67C-DE74DF8861F5}"
EndProject
Global
	GlobalSection(SolutionConfigurationPlatforms) = preSolution
	Debug|Any CPU = Debug|Any CPU
	ExportDebug|Any CPU = ExportDebug|Any CPU
	ExportRelease|Any CPU = ExportRelease|Any CPU
	EndGlobalSection
	GlobalSection(ProjectConfigurationPlatforms) = postSolution
		{CCFB4A8B-85A3-4432-B67C-DE74DF8861F5}.Debug|Any CPU.ActiveCfg = Debug|Any CPU
		{CCFB4A8B-85A3-4432-B67C-DE74DF8861F5}.Debug|Any CPU.Build.0 = Debug|Any CPU
		{CCFB4A8B-85A3-4432-B67C-DE74DF8861F5}.ExportDebug|Any CPU.ActiveCfg = ExportDebug|Any CPU
		{CCFB4A8B-85A3-4432-B67C-DE74DF8861F5}.ExportDebug|Any CPU.Build.0 = ExportDebug|Any CPU
		{CCFB4A8B-85A3-4432-B67C-DE74DF8861F5}.ExportRelease|Any CPU.ActiveCfg = ExportRelease|Any CPU
		{CCFB4A8B-85A3-4432-B67C-DE74DF8861F5}.ExportRelease|Any CPU.Build.0 = ExportRelease|Any CPU
	EndGlobalSection
EndGlobal
